
Microsoft Visual Studio Solution File, Format Version 12.00
# Visual Studio 15
VisualStudioVersion = 15.0.27130.0
MinimumVisualStudioVersion = 10.0.40219.1
Project("{FAE04EC0-301F-11D3-BF4B-00C04F79EFBC}") = "FibingerBrankoSystem.IO", "FibingerBrankoSystem.IO\FibingerBrankoSystem.IO.csproj", "{1814F360-5BBB-4935-8483-F99C2FFD0DDB}"
EndProject
Global
	GlobalSection(SolutionConfigurationPlatforms) = preSolution
		Debug|Any CPU = Debug|Any CPU
		Release|Any CPU = Release|Any CPU
	EndGlobalSection
	GlobalSection(ProjectConfigurationPlatforms) = postSolution
		{1814F360-5BBB-4935-8483-F99C2FFD0DDB}.Debug|Any CPU.ActiveCfg = Debug|Any CPU
		{1814F360-5BBB-4935-8483-F99C2FFD0DDB}.Debug|Any CPU.Build.0 = Debug|Any CPU
		{1814F360-5BBB-4935-8483-F99C2FFD0DDB}.Release|Any CPU.ActiveCfg = Release|Any CPU
		{1814F360-5BBB-4935-8483-F99C2FFD0DDB}.Release|Any CPU.Build.0 = Release|Any CPU
	EndGlobalSection
	GlobalSection(SolutionProperties) = preSolution
		HideSolutionNode = FALSE
	EndGlobalSection
	GlobalSection(ExtensibilityGlobals) = postSolution
		SolutionGuid = {10578B91-E741-4A96-B29A-C0E162001975}
	EndGlobalSection
EndGlobal
